// !$*UTF8*$!
{
	archiveVersion = 1;
	classes = {
	};
	objectVersion = 46;
	objects = {

/* Begin PBXBuildFile section */
		2824CEAE1D816DC400F6C7A3 /* AppDelegate.swift in Sources */ = {isa = PBXBuildFile; fileRef = 2824CEAD1D816DC400F6C7A3 /* AppDelegate.swift */; };
		2824CEB01D816DC400F6C7A3 /* ViewController.swift in Sources */ = {isa = PBXBuildFile; fileRef = 2824CEAF1D816DC400F6C7A3 /* ViewController.swift */; };
		2824CEB31D816DC400F6C7A3 /* Main.storyboard in Resources */ = {isa = PBXBuildFile; fileRef = 2824CEB11D816DC400F6C7A3 /* Main.storyboard */; };
		2824CEB51D816DC400F6C7A3 /* Assets.xcassets in Resources */ = {isa = PBXBuildFile; fileRef = 2824CEB41D816DC400F6C7A3 /* Assets.xcassets */; };
		2824CEB81D816DC400F6C7A3 /* LaunchScreen.storyboard in Resources */ = {isa = PBXBuildFile; fileRef = 2824CEB61D816DC400F6C7A3 /* LaunchScreen.storyboard */; };
		2824CEC31D816DC400F6C7A3 /* PagingViewControllerTests.swift in Sources */ = {isa = PBXBuildFile; fileRef = 2824CEC21D816DC400F6C7A3 /* PagingViewControllerTests.swift */; };
		2824CECE1D816DC400F6C7A3 /* PagingViewControllerUITests.swift in Sources */ = {isa = PBXBuildFile; fileRef = 2824CECD1D816DC400F6C7A3 /* PagingViewControllerUITests.swift */; };
		2824CEDC1D8187F900F6C7A3 /* UIImage+Extention.swift in Sources */ = {isa = PBXBuildFile; fileRef = 2824CEDB1D8187F900F6C7A3 /* UIImage+Extention.swift */; };
/* End PBXBuildFile section */

/* Begin PBXContainerItemProxy section */
		2824CEBF1D816DC400F6C7A3 /* PBXContainerItemProxy */ = {
			isa = PBXContainerItemProxy;
			containerPortal = 2824CEA21D816DC400F6C7A3 /* Project object */;
			proxyType = 1;
			remoteGlobalIDString = 2824CEA91D816DC400F6C7A3;
			remoteInfo = PagingViewController;
		};
		2824CECA1D816DC400F6C7A3 /* PBXContainerItemProxy */ = {
			isa = PBXContainerItemProxy;
			containerPortal = 2824CEA21D816DC400F6C7A3 /* Project object */;
			proxyType = 1;
			remoteGlobalIDString = 2824CEA91D816DC400F6C7A3;
			remoteInfo = PagingViewController;
		};
/* End PBXContainerItemProxy section */

/* Begin PBXFileReference section */
		2824CEAA1D816DC400F6C7A3 /* PagingViewController.app */ = {isa = PBXFileReference; explicitFileType = wrapper.application; includeInIndex = 0; path = PagingViewController.app; sourceTree = BUILT_PRODUCTS_DIR; };
		2824CEAD1D816DC400F6C7A3 /* AppDelegate.swift */ = {isa = PBXFileReference; lastKnownFileType = sourcecode.swift; path = AppDelegate.swift; sourceTree = "<group>"; };
		2824CEAF1D816DC400F6C7A3 /* ViewController.swift */ = {isa = PBXFileReference; lastKnownFileType = sourcecode.swift; path = ViewController.swift; sourceTree = "<group>"; };
		2824CEB21D816DC400F6C7A3 /* Base */ = {isa = PBXFileReference; lastKnownFileType = file.storyboard; name = Base; path = Base.lproj/Main.storyboard; sourceTree = "<group>"; };
		2824CEB41D816DC400F6C7A3 /* Assets.xcassets */ = {isa = PBXFileReference; lastKnownFileType = folder.assetcatalog; path = Assets.xcassets; sourceTree = "<group>"; };
		2824CEB71D816DC400F6C7A3 /* Base */ = {isa = PBXFileReference; lastKnownFileType = file.storyboard; name = Base; path = Base.lproj/LaunchScreen.storyboard; sourceTree = "<group>"; };
		2824CEB91D816DC400F6C7A3 /* Info.plist */ = {isa = PBXFileReference; lastKnownFileType = text.plist.xml; path = Info.plist; sourceTree = "<group>"; };
		2824CEBE1D816DC400F6C7A3 /* PagingViewControllerTests.xctest */ = {isa = PBXFileReference; explicitFileType = wrapper.cfbundle; includeInIndex = 0; path = PagingViewControllerTests.xctest; sourceTree = BUILT_PRODUCTS_DIR; };
		2824CEC21D816DC400F6C7A3 /* PagingViewControllerTests.swift */ = {isa = PBXFileReference; lastKnownFileType = sourcecode.swift; path = PagingViewControllerTests.swift; sourceTree = "<group>"; };
		2824CEC41D816DC400F6C7A3 /* Info.plist */ = {isa = PBXFileReference; lastKnownFileType = text.plist.xml; path = Info.plist; sourceTree = "<group>"; };
		2824CEC91D816DC400F6C7A3 /* PagingViewControllerUITests.xctest */ = {isa = PBXFileReference; explicitFileType = wrapper.cfbundle; includeInIndex = 0; path = PagingViewControllerUITests.xctest; sourceTree = BUILT_PRODUCTS_DIR; };
		2824CECD1D816DC400F6C7A3 /* PagingViewControllerUITests.swift */ = {isa = PBXFileReference; lastKnownFileType = sourcecode.swift; path = PagingViewControllerUITests.swift; sourceTree = "<group>"; };
		2824CECF1D816DC400F6C7A3 /* Info.plist */ = {isa = PBXFileReference; lastKnownFileType = text.plist.xml; path = Info.plist; sourceTree = "<group>"; };
		2824CEDB1D8187F900F6C7A3 /* UIImage+Extention.swift */ = {isa = PBXFileReference; fileEncoding = 4; lastKnownFileType = sourcecode.swift; path = "UIImage+Extention.swift"; sourceTree = "<group>"; };
/* End PBXFileReference section */

/* Begin PBXFrameworksBuildPhase section */
		2824CEA71D816DC400F6C7A3 /* Frameworks */ = {
			isa = PBXFrameworksBuildPhase;
			buildActionMask = 2147483647;
			files = (
			);
			runOnlyForDeploymentPostprocessing = 0;
		};
		2824CEBB1D816DC400F6C7A3 /* Frameworks */ = {
			isa = PBXFrameworksBuildPhase;
			buildActionMask = 2147483647;
			files = (
			);
			runOnlyForDeploymentPostprocessing = 0;
		};
		2824CEC61D816DC400F6C7A3 /* Frameworks */ = {
			isa = PBXFrameworksBuildPhase;
			buildActionMask = 2147483647;
			files = (
			);
			runOnlyForDeploymentPostprocessing = 0;
		};
/* End PBXFrameworksBuildPhase section */

/* Begin PBXGroup section */
		2824CEA11D816DC400F6C7A3 = {
			isa = PBXGroup;
			children = (
				2824CEAC1D816DC400F6C7A3 /* PagingViewController */,
				2824CEC11D816DC400F6C7A3 /* PagingViewControllerTests */,
				2824CECC1D816DC400F6C7A3 /* PagingViewControllerUITests */,
				2824CEAB1D816DC400F6C7A3 /* Products */,
			);
			sourceTree = "<group>";
		};
		2824CEAB1D816DC400F6C7A3 /* Products */ = {
			isa = PBXGroup;
			children = (
				2824CEAA1D816DC400F6C7A3 /* PagingViewController.app */,
				2824CEBE1D816DC400F6C7A3 /* PagingViewControllerTests.xctest */,
				2824CEC91D816DC400F6C7A3 /* PagingViewControllerUITests.xctest */,
			);
			name = Products;
			sourceTree = "<group>";
		};
		2824CEAC1D816DC400F6C7A3 /* PagingViewController */ = {
			isa = PBXGroup;
			children = (
				2824CEAD1D816DC400F6C7A3 /* AppDelegate.swift */,
				2824CEAF1D816DC400F6C7A3 /* ViewController.swift */,
				2824CEB11D816DC400F6C7A3 /* Main.storyboard */,
				2824CEB41D816DC400F6C7A3 /* Assets.xcassets */,
				2824CEB61D816DC400F6C7A3 /* LaunchScreen.storyboard */,
				2824CEB91D816DC400F6C7A3 /* Info.plist */,
				2824CEDB1D8187F900F6C7A3 /* UIImage+Extention.swift */,
			);
			path = PagingViewController;
			sourceTree = "<group>";
		};
		2824CEC11D816DC400F6C7A3 /* PagingViewControllerTests */ = {
			isa = PBXGroup;
			children = (
				2824CEC21D816DC400F6C7A3 /* PagingViewControllerTests.swift */,
				2824CEC41D816DC400F6C7A3 /* Info.plist */,
			);
			path = PagingViewControllerTests;
			sourceTree = "<group>";
		};
		2824CECC1D816DC400F6C7A3 /* PagingViewControllerUITests */ = {
			isa = PBXGroup;
			children = (
				2824CECD1D816DC400F6C7A3 /* PagingViewControllerUITests.swift */,
				2824CECF1D816DC400F6C7A3 /* Info.plist */,
			);
			path = PagingViewControllerUITests;
			sourceTree = "<group>";
		};
/* End PBXGroup section */

/* Begin PBXNativeTarget section */
		2824CEA91D816DC400F6C7A3 /* PagingViewController */ = {
			isa = PBXNativeTarget;
			buildConfigurationList = 2824CED21D816DC400F6C7A3 /* Build configuration list for PBXNativeTarget "PagingViewController" */;
			buildPhases = (
				2824CEA61D816DC400F6C7A3 /* Sources */,
				2824CEA71D816DC400F6C7A3 /* Frameworks */,
				2824CEA81D816DC400F6C7A3 /* Resources */,
			);
			buildRules = (
			);
			dependencies = (
			);
			name = PagingViewController;
			productName = PagingViewController;
			productReference = 2824CEAA1D816DC400F6C7A3 /* PagingViewController.app */;
			productType = "com.apple.product-type.application";
		};
		2824CEBD1D816DC400F6C7A3 /* PagingViewControllerTests */ = {
			isa = PBXNativeTarget;
			buildConfigurationList = 2824CED51D816DC400F6C7A3 /* Build configuration list for PBXNativeTarget "PagingViewControllerTests" */;
			buildPhases = (
				2824CEBA1D816DC400F6C7A3 /* Sources */,
				2824CEBB1D816DC400F6C7A3 /* Frameworks */,
				2824CEBC1D816DC400F6C7A3 /* Resources */,
			);
			buildRules = (
			);
			dependencies = (
				2824CEC01D816DC400F6C7A3 /* PBXTargetDependency */,
			);
			name = PagingViewControllerTests;
			productName = PagingViewControllerTests;
			productReference = 2824CEBE1D816DC400F6C7A3 /* PagingViewControllerTests.xctest */;
			productType = "com.apple.product-type.bundle.unit-test";
		};
		2824CEC81D816DC400F6C7A3 /* PagingViewControllerUITests */ = {
			isa = PBXNativeTarget;
			buildConfigurationList = 2824CED81D816DC400F6C7A3 /* Build configuration list for PBXNativeTarget "PagingViewControllerUITests" */;
			buildPhases = (
				2824CEC51D816DC400F6C7A3 /* Sources */,
				2824CEC61D816DC400F6C7A3 /* Frameworks */,
				2824CEC71D816DC400F6C7A3 /* Resources */,
			);
			buildRules = (
			);
			dependencies = (
				2824CECB1D816DC400F6C7A3 /* PBXTargetDependency */,
			);
			name = PagingViewControllerUITests;
			productName = PagingViewControllerUITests;
			productReference = 2824CEC91D816DC400F6C7A3 /* PagingViewControllerUITests.xctest */;
			productType = "com.apple.product-type.bundle.ui-testing";
		};
/* End PBXNativeTarget section */

/* Begin PBXProject section */
		2824CEA21D816DC400F6C7A3 /* Project object */ = {
			isa = PBXProject;
			attributes = {
				LastSwiftUpdateCheck = 0730;
				LastUpgradeCheck = 0730;
				ORGANIZATIONNAME = "Kazuhiro Yamada";
				TargetAttributes = {
					2824CEA91D816DC400F6C7A3 = {
						CreatedOnToolsVersion = 7.3.1;
					};
					2824CEBD1D816DC400F6C7A3 = {
						CreatedOnToolsVersion = 7.3.1;
						TestTargetID = 2824CEA91D816DC400F6C7A3;
					};
					2824CEC81D816DC400F6C7A3 = {
						CreatedOnToolsVersion = 7.3.1;
						TestTargetID = 2824CEA91D816DC400F6C7A3;
					};
				};
			};
			buildConfigurationList = 2824CEA51D816DC400F6C7A3 /* Build configuration list for PBXProject "PagingViewController" */;
			compatibilityVersion = "Xcode 3.2";
			developmentRegion = English;
			hasScannedForEncodings = 0;
			knownRegions = (
				en,
				Base,
			);
			mainGroup = 2824CEA11D816DC400F6C7A3;
			productRefGroup = 2824CEAB1D816DC400F6C7A3 /* Products */;
			projectDirPath = "";
			projectRoot = "";
			targets = (
				2824CEA91D816DC400F6C7A3 /* PagingViewController */,
				2824CEBD1D816DC400F6C7A3 /* PagingViewControllerTests */,
				2824CEC81D816DC400F6C7A3 /* PagingViewControllerUITests */,
			);
		};
/* End PBXProject section */

/* Begin PBXResourcesBuildPhase section */
		2824CEA81D816DC400F6C7A3 /* Resources */ = {
			isa = PBXResourcesBuildPhase;
			buildActionMask = 2147483647;
			files = (
				2824CEB81D816DC400F6C7A3 /* LaunchScreen.storyboard in Resources */,
				2824CEB51D816DC400F6C7A3 /* Assets.xcassets in Resources */,
				2824CEB31D816DC400F6C7A3 /* Main.storyboard in Resources */,
			);
			runOnlyForDeploymentPostprocessing = 0;
		};
		2824CEBC1D816DC400F6C7A3 /* Resources */ = {
			isa = PBXResourcesBuildPhase;
			buildActionMask = 2147483647;
			files = (
			);
			runOnlyForDeploymentPostprocessing = 0;
		};
		2824CEC71D816DC400F6C7A3 /* Resources */ = {
			isa = PBXResourcesBuildPhase;
			buildActionMask = 2147483647;
			files = (
			);
			runOnlyForDeploymentPostprocessing = 0;
		};
/* End PBXResourcesBuildPhase section */

/* Begin PBXSourcesBuildPhase section */
		2824CEA61D816DC400F6C7A3 /* Sources */ = {
			isa = PBXSourcesBuildPhase;
			buildActionMask = 2147483647;
			files = (
				2824CEDC1D8187F900F6C7A3 /* UIImage+Extention.swift in Sources */,
				2824CEB01D816DC400F6C7A3 /* ViewController.swift in Sources */,
				2824CEAE1D816DC400F6C7A3 /* AppDelegate.swift in Sources */,
			);
			runOnlyForDeploymentPostprocessing = 0;
		};
		2824CEBA1D816DC400F6C7A3 /* Sources */ = {
			isa = PBXSourcesBuildPhase;
			buildActionMask = 2147483647;
			files = (
				2824CEC31D816DC400F6C7A3 /* PagingViewControllerTests.swift in Sources */,
			);
			runOnlyForDeploymentPostprocessing = 0;
		};
		2824CEC51D816DC400F6C7A3 /* Sources */ = {
			isa = PBXSourcesBuildPhase;
			buildActionMask = 2147483647;
			files = (
				2824CECE1D816DC400F6C7A3 /* PagingViewControllerUITests.swift in Sources */,
			);
			runOnlyForDeploymentPostprocessing = 0;
		};
/* End PBXSourcesBuildPhase section */

/* Begin PBXTargetDependency section */
		2824CEC01D816DC400F6C7A3 /* PBXTargetDependency */ = {
			isa = PBXTargetDependency;
			target = 2824CEA91D816DC400F6C7A3 /* PagingViewController */;
			targetProxy = 2824CEBF1D816DC400F6C7A3 /* PBXContainerItemProxy */;
		};
		2824CECB1D816DC400F6C7A3 /* PBXTargetDependency */ = {
			isa = PBXTargetDependency;
			target = 2824CEA91D816DC400F6C7A3 /* PagingViewController */;
			targetProxy = 2824CECA1D816DC400F6C7A3 /* PBXContainerItemProxy */;
		};
/* End PBXTargetDependency section */

/* Begin PBXVariantGroup section */
		2824CEB11D816DC400F6C7A3 /* Main.storyboard */ = {
			isa = PBXVariantGroup;
			children = (
				2824CEB21D816DC400F6C7A3 /* Base */,
			);
			name = Main.storyboard;
			sourceTree = "<group>";
		};
		2824CEB61D816DC400F6C7A3 /* LaunchScreen.storyboard */ = {
			isa = PBXVariantGroup;
			children = (
				2824CEB71D816DC400F6C7A3 /* Base */,
			);
			name = LaunchScreen.storyboard;
			sourceTree = "<group>";
		};
/* End PBXVariantGroup section */

/* Begin XCBuildConfiguration section */
		2824CED01D816DC400F6C7A3 /* Debug */ = {
			isa = XCBuildConfiguration;
			buildSettings = {
				ALWAYS_SEARCH_USER_PATHS = NO;
				CLANG_ANALYZER_NONNULL = YES;
				CLANG_CXX_LANGUAGE_STANDARD = "gnu++0x";
				CLANG_CXX_LIBRARY = "libc++";
				CLANG_ENABLE_MODULES = YES;
				CLANG_ENABLE_OBJC_ARC = YES;
				CLANG_WARN_BOOL_CONVERSION = YES;
				CLANG_WARN_CONSTANT_CONVERSION = YES;
				CLANG_WARN_DIRECT_OBJC_ISA_USAGE = YES_ERROR;
				CLANG_WARN_EMPTY_BODY = YES;
				CLANG_WARN_ENUM_CONVERSION = YES;
				CLANG_WARN_INT_CONVERSION = YES;
				CLANG_WARN_OBJC_ROOT_CLASS = YES_ERROR;
				CLANG_WARN_UNREACHABLE_CODE = YES;
				CLANG_WARN__DUPLICATE_METHOD_MATCH = YES;
				"CODE_SIGN_IDENTITY[sdk=iphoneos*]" = "iPhone Developer";
				COPY_PHASE_STRIP = NO;
				DEBUG_INFORMATION_FORMAT = dwarf;
				ENABLE_STRICT_OBJC_MSGSEND = YES;
				ENABLE_TESTABILITY = YES;
				GCC_C_LANGUAGE_STANDARD = gnu99;
				GCC_DYNAMIC_NO_PIC = NO;
				GCC_NO_COMMON_BLOCKS = YES;
				GCC_OPTIMIZATION_LEVEL = 0;
				GCC_PREPROCESSOR_DEFINITIONS = (
					"DEBUG=1",
					"$(inherited)",
				);
				GCC_WARN_64_TO_32_BIT_CONVERSION = YES;
				GCC_WARN_ABOUT_RETURN_TYPE = YES_ERROR;
				GCC_WARN_UNDECLARED_SELECTOR = YES;
				GCC_WARN_UNINITIALIZED_AUTOS = YES_AGGRESSIVE;
				GCC_WARN_UNUSED_FUNCTION = YES;
				GCC_WARN_UNUSED_VARIABLE = YES;
				IPHONEOS_DEPLOYMENT_TARGET = 9.3;
				MTL_ENABLE_DEBUG_INFO = YES;
				ONLY_ACTIVE_ARCH = YES;
				SDKROOT = iphoneos;
				SWIFT_OPTIMIZATION_LEVEL = "-Onone";
				TARGETED_DEVICE_FAMILY = "1,2";
			};
			name = Debug;
		};
		2824CED11D816DC400F6C7A3 /* Release */ = {
			isa = XCBuildConfiguration;
			buildSettings = {
				ALWAYS_SEARCH_USER_PATHS = NO;
				CLANG_ANALYZER_NONNULL = YES;
				CLANG_CXX_LANGUAGE_STANDARD = "gnu++0x";
				CLANG_CXX_LIBRARY = "libc++";
				CLANG_ENABLE_MODULES = YES;
				CLANG_ENABLE_OBJC_ARC = YES;
				CLANG_WARN_BOOL_CONVERSION = YES;
				CLANG_WARN_CONSTANT_CONVERSION = YES;
				CLANG_WARN_DIRECT_OBJC_ISA_USAGE = YES_ERROR;
				CLANG_WARN_EMPTY_BODY = YES;
				CLANG_WARN_ENUM_CONVERSION = YES;
				CLANG_WARN_INT_CONVERSION = YES;
				CLANG_WARN_OBJC_ROOT_CLASS = YES_ERROR;
				CLANG_WARN_UNREACHABLE_CODE = YES;
				CLANG_WARN__DUPLICATE_METHOD_MATCH = YES;
				"CODE_SIGN_IDENTITY[sdk=iphoneos*]" = "iPhone Developer";
				COPY_PHASE_STRIP = NO;
				DEBUG_INFORMATION_FORMAT = "dwarf-with-dsym";
				ENABLE_NS_ASSERTIONS = NO;
				ENABLE_STRICT_OBJC_MSGSEND = YES;
				GCC_C_LANGUAGE_STANDARD = gnu99;
				GCC_NO_COMMON_BLOCKS = YES;
				GCC_WARN_64_TO_32_BIT_CONVERSION = YES;
				GCC_WARN_ABOUT_RETURN_TYPE = YES_ERROR;
				GCC_WARN_UNDECLARED_SELECTOR = YES;
				GCC_WARN_UNINITIALIZED_AUTOS = YES_AGGRESSIVE;
				GCC_WARN_UNUSED_FUNCTION = YES;
				GCC_WARN_UNUSED_VARIABLE = YES;
				IPHONEOS_DEPLOYMENT_TARGET = 9.3;
				MTL_ENABLE_DEBUG_INFO = NO;
				SDKROOT = iphoneos;
				TARGETED_DEVICE_FAMILY = "1,2";
				VALIDATE_PRODUCT = YES;
			};
			name = Release;
		};
		2824CED31D816DC400F6C7A3 /* Debug */ = {
			isa = XCBuildConfiguration;
			buildSettings = {
				ASSETCATALOG_COMPILER_APPICON_NAME = AppIcon;
				INFOPLIST_FILE = PagingViewController/Info.plist;
				LD_RUNPATH_SEARCH_PATHS = "$(inherited) @executable_path/Frameworks";
				PRODUCT_BUNDLE_IDENTIFIER = com.kyamada.PagingViewController;
				PRODUCT_NAME = "$(TARGET_NAME)";
			};
			name = Debug;
		};
		2824CED41D816DC400F6C7A3 /* Release */ = {
			isa = XCBuildConfiguration;
			buildSettings = {
				ASSETCATALOG_COMPILER_APPICON_NAME = AppIcon;
				INFOPLIST_FILE = PagingViewController/Info.plist;
				LD_RUNPATH_SEARCH_PATHS = "$(inherited) @executable_path/Frameworks";
				PRODUCT_BUNDLE_IDENTIFIER = com.kyamada.PagingViewController;
				PRODUCT_NAME = "$(TARGET_NAME)";
			};
			name = Release;
		};
		2824CED61D816DC400F6C7A3 /* Debug */ = {
			isa = XCBuildConfiguration;
			buildSettings = {
				BUNDLE_LOADER = "$(TEST_HOST)";
				INFOPLIST_FILE = PagingViewControllerTests/Info.plist;
				LD_RUNPATH_SEARCH_PATHS = "$(inherited) @executable_path/Frameworks @loader_path/Frameworks";
				PRODUCT_BUNDLE_IDENTIFIER = com.kyamada.PagingViewControllerTests;
				PRODUCT_NAME = "$(TARGET_NAME)";
				TEST_HOST = "$(BUILT_PRODUCTS_DIR)/PagingViewController.app/PagingViewController";
			};
			name = Debug;
		};
		2824CED71D816DC400F6C7A3 /* Release */ = {
			isa = XCBuildConfiguration;
			buildSettings = {
				BUNDLE_LOADER = "$(TEST_HOST)";
				INFOPLIST_FILE = PagingViewControllerTests/Info.plist;
				LD_RUNPATH_SEARCH_PATHS = "$(inherited) @executable_path/Frameworks @loader_path/Frameworks";
				PRODUCT_BUNDLE_IDENTIFIER = com.kyamada.PagingViewControllerTests;
				PRODUCT_NAME = "$(TARGET_NAME)";
				TEST_HOST = "$(BUILT_PRODUCTS_DIR)/PagingViewController.app/PagingViewController";
			};
			name = Release;
		};
		2824CED91D816DC400F6C7A3 /* Debug */ = {
			isa = XCBuildConfiguration;
			buildSettings = {
				INFOPLIST_FILE = PagingViewControllerUITests/Info.plist;
				LD_RUNPATH_SEARCH_PATHS = "$(inherited) @executable_path/Frameworks @loader_path/Frameworks";
				PRODUCT_BUNDLE_IDENTIFIER = com.kyamada.PagingViewControllerUITests;
				PRODUCT_NAME = "$(TARGET_NAME)";
				TEST_TARGET_NAME = PagingViewController;
			};
			name = Debug;
		};
		2824CEDA1D816DC400F6C7A3 /* Release */ = {
			isa = XCBuildConfiguration;
			buildSettings = {
				INFOPLIST_FILE = PagingViewControllerUITests/Info.plist;
				LD_RUNPATH_SEARCH_PATHS = "$(inherited) @executable_path/Frameworks @loader_path/Frameworks";
				PRODUCT_BUNDLE_IDENTIFIER = com.kyamada.PagingViewControllerUITests;
				PRODUCT_NAME = "$(TARGET_NAME)";
				TEST_TARGET_NAME = PagingViewController;
			};
			name = Release;
		};
/* End XCBuildConfiguration section */

/* Begin XCConfigurationList section */
		2824CEA51D816DC400F6C7A3 /* Build configuration list for PBXProject "PagingViewController" */ = {
			isa = XCConfigurationList;
			buildConfigurations = (
				2824CED01D816DC400F6C7A3 /* Debug */,
				2824CED11D816DC400F6C7A3 /* Release */,
			);
			defaultConfigurationIsVisible = 0;
			defaultConfigurationName = Release;
		};
		2824CED21D816DC400F6C7A3 /* Build configuration list for PBXNativeTarget "PagingViewController" */ = {
			isa = XCConfigurationList;
			buildConfigurations = (
				2824CED31D816DC400F6C7A3 /* Debug */,
				2824CED41D816DC400F6C7A3 /* Release */,
			);
			defaultConfigurationIsVisible = 0;
			defaultConfigurationName = Release;
		};
		2824CED51D816DC400F6C7A3 /* Build configuration list for PBXNativeTarget "PagingViewControllerTests" */ = {
			isa = XCConfigurationList;
			buildConfigurations = (
				2824CED61D816DC400F6C7A3 /* Debug */,
				2824CED71D816DC400F6C7A3 /* Release */,
			);
			defaultConfigurationIsVisible = 0;
			defaultConfigurationName = Release;
		};
		2824CED81D816DC400F6C7A3 /* Build configuration list for PBXNativeTarget "PagingViewControllerUITests" */ = {
			isa = XCConfigurationList;
			buildConfigurations = (
				2824CED91D816DC400F6C7A3 /* Debug */,
				2824CEDA1D816DC400F6C7A3 /* Release */,
			);
			defaultConfigurationIsVisible = 0;
			defaultConfigurationName = Release;
		};
/* End XCConfigurationList section */
	};
	rootObject = 2824CEA21D816DC400F6C7A3 /* Project object */;
}
